
Microsoft Visual Studio Solution File, Format Version 10.00
# Visual Studio 2008
Project("{8BC9CEB8-8B4A-11D0-8D11-00A0C91BC942}") = "DXFramework", "DXFramework\DXFramework.vcproj", "{5DDE440A-2B6E-4A69-ADAA-8DAD7A89AFEF}"
	ProjectSection(ProjectDependencies) = postProject
		{0BE28590-17F1-469E-9A95-8DE4C78FC5FF} = {0BE28590-17F1-469E-9A95-8DE4C78FC5FF}
		{3A6A07C6-5D3E-44A5-92E1-7A90AF714E30} = {3A6A07C6-5D3E-44A5-92E1-7A90AF714E30}
		{3C4F31D3-EE7A-4ED8-8721-C0AA1610D032} = {3C4F31D3-EE7A-4ED8-8721-C0AA1610D032}
	EndProjectSection
EndProject
Project("{8BC9CEB8-8B4A-11D0-8D11-00A0C91BC942}") = "NVCUtils", "NVCUtils\NVCUtils.vcproj", "{3A6A07C6-5D3E-44A5-92E1-7A90AF714E30}"
EndProject
Project("{8BC9CEB8-8B4A-11D0-8D11-00A0C91BC942}") = "WinApplFramework", "WinApplFramework\WinApplFramework.vcproj", "{0BE28590-17F1-469E-9A95-8DE4C78FC5FF}"
	ProjectSection(ProjectDependencies) = postProject
		{3A6A07C6-5D3E-44A5-92E1-7A90AF714E30} = {3A6A07C6-5D3E-44A5-92E1-7A90AF714E30}
	EndProjectSection
EndProject
Project("{8BC9CEB8-8B4A-11D0-8D11-00A0C91BC942}") = "Utilities", "Utilities\Utilities.vcproj", "{3C4F31D3-EE7A-4ED8-8721-C0AA1610D032}"
EndProject
Project("{8BC9CEB8-8B4A-11D0-8D11-00A0C91BC942}") = "Arkanoid", "Examples\Arkanoid\Arkanoid\Arkanoid.vcproj", "{BBE30387-9897-4C8F-A753-1D361F2A61F4}"
	ProjectSection(ProjectDependencies) = postProject
		{5DDE440A-2B6E-4A69-ADAA-8DAD7A89AFEF} = {5DDE440A-2B6E-4A69-ADAA-8DAD7A89AFEF}
		{0BE28590-17F1-469E-9A95-8DE4C78FC5FF} = {0BE28590-17F1-469E-9A95-8DE4C78FC5FF}
		{3A6A07C6-5D3E-44A5-92E1-7A90AF714E30} = {3A6A07C6-5D3E-44A5-92E1-7A90AF714E30}
		{3C4F31D3-EE7A-4ED8-8721-C0AA1610D032} = {3C4F31D3-EE7A-4ED8-8721-C0AA1610D032}
	EndProjectSection
EndProject
Project("{8BC9CEB8-8B4A-11D0-8D11-00A0C91BC942}") = "TestApp", "DXFramework\TestApp\TestApp.vcproj", "{C5E44C99-B508-448E-B865-937F0864D824}"
	ProjectSection(ProjectDependencies) = postProject
		{5DDE440A-2B6E-4A69-ADAA-8DAD7A89AFEF} = {5DDE440A-2B6E-4A69-ADAA-8DAD7A89AFEF}
		{0BE28590-17F1-469E-9A95-8DE4C78FC5FF} = {0BE28590-17F1-469E-9A95-8DE4C78FC5FF}
		{3A6A07C6-5D3E-44A5-92E1-7A90AF714E30} = {3A6A07C6-5D3E-44A5-92E1-7A90AF714E30}
		{3C4F31D3-EE7A-4ED8-8721-C0AA1610D032} = {3C4F31D3-EE7A-4ED8-8721-C0AA1610D032}
	EndProjectSection
EndProject
Project("{8BC9CEB8-8B4A-11D0-8D11-00A0C91BC942}") = "Bomberman", "Bomberman\Bomberman\Bomberman.vcproj", "{1EE33154-DEFA-4EFA-B0BB-8763317B0603}"
	ProjectSection(ProjectDependencies) = postProject
		{5DDE440A-2B6E-4A69-ADAA-8DAD7A89AFEF} = {5DDE440A-2B6E-4A69-ADAA-8DAD7A89AFEF}
		{0BE28590-17F1-469E-9A95-8DE4C78FC5FF} = {0BE28590-17F1-469E-9A95-8DE4C78FC5FF}
		{3A6A07C6-5D3E-44A5-92E1-7A90AF714E30} = {3A6A07C6-5D3E-44A5-92E1-7A90AF714E30}
		{3C4F31D3-EE7A-4ED8-8721-C0AA1610D032} = {3C4F31D3-EE7A-4ED8-8721-C0AA1610D032}
	EndProjectSection
EndProject
Global
	GlobalSection(SolutionConfigurationPlatforms) = preSolution
		Debug|Win32 = Debug|Win32
		Release|Win32 = Release|Win32
	EndGlobalSection
	GlobalSection(ProjectConfigurationPlatforms) = postSolution
		{5DDE440A-2B6E-4A69-ADAA-8DAD7A89AFEF}.Debug|Win32.ActiveCfg = Debug|Win32
		{5DDE440A-2B6E-4A69-ADAA-8DAD7A89AFEF}.Debug|Win32.Build.0 = Debug|Win32
		{5DDE440A-2B6E-4A69-ADAA-8DAD7A89AFEF}.Release|Win32.ActiveCfg = Release|Win32
		{5DDE440A-2B6E-4A69-ADAA-8DAD7A89AFEF}.Release|Win32.Build.0 = Release|Win32
		{3A6A07C6-5D3E-44A5-92E1-7A90AF714E30}.Debug|Win32.ActiveCfg = Debug|Win32
		{3A6A07C6-5D3E-44A5-92E1-7A90AF714E30}.Debug|Win32.Build.0 = Debug|Win32
		{3A6A07C6-5D3E-44A5-92E1-7A90AF714E30}.Release|Win32.ActiveCfg = Release|Win32
		{3A6A07C6-5D3E-44A5-92E1-7A90AF714E30}.Release|Win32.Build.0 = Release|Win32
		{0BE28590-17F1-469E-9A95-8DE4C78FC5FF}.Debug|Win32.ActiveCfg = Debug|Win32
		{0BE28590-17F1-469E-9A95-8DE4C78FC5FF}.Debug|Win32.Build.0 = Debug|Win32
		{0BE28590-17F1-469E-9A95-8DE4C78FC5FF}.Release|Win32.ActiveCfg = Release|Win32
		{0BE28590-17F1-469E-9A95-8DE4C78FC5FF}.Release|Win32.Build.0 = Release|Win32
		{3C4F31D3-EE7A-4ED8-8721-C0AA1610D032}.Debug|Win32.ActiveCfg = Debug|Win32
		{3C4F31D3-EE7A-4ED8-8721-C0AA1610D032}.Debug|Win32.Build.0 = Debug|Win32
		{3C4F31D3-EE7A-4ED8-8721-C0AA1610D032}.Release|Win32.ActiveCfg = Release|Win32
		{3C4F31D3-EE7A-4ED8-8721-C0AA1610D032}.Release|Win32.Build.0 = Release|Win32
		{BBE30387-9897-4C8F-A753-1D361F2A61F4}.Debug|Win32.ActiveCfg = Debug|Win32
		{BBE30387-9897-4C8F-A753-1D361F2A61F4}.Debug|Win32.Build.0 = Debug|Win32
		{BBE30387-9897-4C8F-A753-1D361F2A61F4}.Release|Win32.ActiveCfg = Release|Win32
		{BBE30387-9897-4C8F-A753-1D361F2A61F4}.Release|Win32.Build.0 = Release|Win32
		{C5E44C99-B508-448E-B865-937F0864D824}.Debug|Win32.ActiveCfg = Debug|Win32
		{C5E44C99-B508-448E-B865-937F0864D824}.Debug|Win32.Build.0 = Debug|Win32
		{C5E44C99-B508-448E-B865-937F0864D824}.Release|Win32.ActiveCfg = Release|Win32
		{C5E44C99-B508-448E-B865-937F0864D824}.Release|Win32.Build.0 = Release|Win32
		{1EE33154-DEFA-4EFA-B0BB-8763317B0603}.Debug|Win32.ActiveCfg = Debug|Win32
		{1EE33154-DEFA-4EFA-B0BB-8763317B0603}.Debug|Win32.Build.0 = Debug|Win32
		{1EE33154-DEFA-4EFA-B0BB-8763317B0603}.Release|Win32.ActiveCfg = Release|Win32
		{1EE33154-DEFA-4EFA-B0BB-8763317B0603}.Release|Win32.Build.0 = Release|Win32
	EndGlobalSection
	GlobalSection(SolutionProperties) = preSolution
		HideSolutionNode = FALSE
	EndGlobalSection
EndGlobal
